
Microsoft Visual Studio Solution File, Format Version 12.00
# Visual Studio Version 16
VisualStudioVersion = 16.0.31205.134
MinimumVisualStudioVersion = 10.0.40219.1
Project("{9A19103F-16F7-4668-BE54-9A1E7A4F7556}") = "MISA.CukCuk.WebAPIs", "MISA.CukCuk.WebAPIs\MISA.CukCuk.WebAPIs.csproj", "{A80740DC-7848-43C8-AE5D-2B7F399C5F2E}"
EndProject
Project("{9A19103F-16F7-4668-BE54-9A1E7A4F7556}") = "MISA.Core", "MISA.Core\MISA.Core.csproj", "{5C5414F9-F1EF-470B-8106-B72AF8001DE9}"
EndProject
Project("{9A19103F-16F7-4668-BE54-9A1E7A4F7556}") = "MISA.Infrastructure", "MISA.Infrastructure\MISA.Infrastructure.csproj", "{4E119B76-F93B-4C63-B8D2-C9ECB91814C9}"
EndProject
Global
	GlobalSection(SolutionConfigurationPlatforms) = preSolution
		Debug|Any CPU = Debug|Any CPU
		Release|Any CPU = Release|Any CPU
	EndGlobalSection
	GlobalSection(ProjectConfigurationPlatforms) = postSolution
		{A80740DC-7848-43C8-AE5D-2B7F399C5F2E}.Debug|Any CPU.ActiveCfg = Debug|Any CPU
		{A80740DC-7848-43C8-AE5D-2B7F399C5F2E}.Debug|Any CPU.Build.0 = Debug|Any CPU
		{A80740DC-7848-43C8-AE5D-2B7F399C5F2E}.Release|Any CPU.ActiveCfg = Release|Any CPU
		{A80740DC-7848-43C8-AE5D-2B7F399C5F2E}.Release|Any CPU.Build.0 = Release|Any CPU
		{5C5414F9-F1EF-470B-8106-B72AF8001DE9}.Debug|Any CPU.ActiveCfg = Debug|Any CPU
		{5C5414F9-F1EF-470B-8106-B72AF8001DE9}.Debug|Any CPU.Build.0 = Debug|Any CPU
		{5C5414F9-F1EF-470B-8106-B72AF8001DE9}.Release|Any CPU.ActiveCfg = Release|Any CPU
		{5C5414F9-F1EF-470B-8106-B72AF8001DE9}.Release|Any CPU.Build.0 = Release|Any CPU
		{4E119B76-F93B-4C63-B8D2-C9ECB91814C9}.Debug|Any CPU.ActiveCfg = Debug|Any CPU
		{4E119B76-F93B-4C63-B8D2-C9ECB91814C9}.Debug|Any CPU.Build.0 = Debug|Any CPU
		{4E119B76-F93B-4C63-B8D2-C9ECB91814C9}.Release|Any CPU.ActiveCfg = Release|Any CPU
		{4E119B76-F93B-4C63-B8D2-C9ECB91814C9}.Release|Any CPU.Build.0 = Release|Any CPU
	EndGlobalSection
	GlobalSection(SolutionProperties) = preSolution
		HideSolutionNode = FALSE
	EndGlobalSection
	GlobalSection(ExtensibilityGlobals) = postSolution
		SolutionGuid = {97406FDA-FAD0-499F-A1BC-790BA6D644CF}
	EndGlobalSection
EndGlobal
